
Microsoft Visual Studio Solution File, Format Version 12.00
# Visual Studio Version 16
VisualStudioVersion = 16.0.28803.202
MinimumVisualStudioVersion = 10.0.40219.1
Project("{FAE04EC0-301F-11D3-BF4B-00C04F79EFBC}") = "SteamInteropTest", "SteamInteropTest\SteamInteropTest.csproj", "{38D327C4-0E1C-4C61-99E5-5F97B3767556}"
EndProject
Project("{FAE04EC0-301F-11D3-BF4B-00C04F79EFBC}") = "SteamVent", "SteamVent\SteamVent.csproj", "{B78BB558-69D0-4D28-991A-261903988D1A}"
EndProject
Project("{FAE04EC0-301F-11D3-BF4B-00C04F79EFBC}") = "SteamVent.Tests", "SteamVent.Tests\SteamVent.Tests.csproj", "{7639BD35-29F8-4684-8216-68BED15574A9}"
EndProject
Project("{FAE04EC0-301F-11D3-BF4B-00C04F79EFBC}") = "SteamVent.SteamCmd", "SteamVent.SteamCmd\SteamVent.SteamCmd.csproj", "{852B5E00-2423-4D74-8AFF-B38248BA6B36}"
EndProject
Project("{8BC9CEB8-8B4A-11D0-8D11-00A0C91BC942}") = "steamcmdprox", "steamcmdprox\steamcmdprox.vcxproj", "{1B1CF7C2-DA92-4FFD-BC92-8332947A87BE}"
	ProjectSection(ProjectDependencies) = postProject
		{58B7F843-3349-428D-B9A7-EE4BB36B30F4} = {58B7F843-3349-428D-B9A7-EE4BB36B30F4}
	EndProjectSection
EndProject
Project("{FAE04EC0-301F-11D3-BF4B-00C04F79EFBC}") = "SteamVent.SteamCmd.TestCli", "SteamVent.SteamCmd.TestCli\SteamVent.SteamCmd.TestCli.csproj", "{6E97347C-1698-4AB6-959C-869989BC96A7}"
	ProjectSection(ProjectDependencies) = postProject
		{1B1CF7C2-DA92-4FFD-BC92-8332947A87BE} = {1B1CF7C2-DA92-4FFD-BC92-8332947A87BE}
	EndProjectSection
EndProject
Project("{FAE04EC0-301F-11D3-BF4B-00C04F79EFBC}") = "SteamVent.Common", "SteamVent.Common\SteamVent.Common.csproj", "{F1096E3A-C50A-43A3-9A46-6112D4BBAE38}"
EndProject
Project("{2150E333-8FDC-42A3-9474-1A3956D46DE8}") = "Utilities", "Utilities", "{BE01A886-8383-4B3F-9E69-814FBB8CABC0}"
EndProject
Project("{2150E333-8FDC-42A3-9474-1A3956D46DE8}") = "Tests", "Tests", "{EF9F2A30-3CD6-42DF-9C86-6A1D1C463791}"
EndProject
Project("{FAE04EC0-301F-11D3-BF4B-00C04F79EFBC}") = "AppInfoCacheDump", "AppInfoCacheDump\AppInfoCacheDump.csproj", "{3EF8CD67-7931-4A0B-BA95-C1717982A7C9}"
EndProject
Project("{8BC9CEB8-8B4A-11D0-8D11-00A0C91BC942}") = "steamcmdinj", "steamcmdinj\steamcmdinj.vcxproj", "{58B7F843-3349-428D-B9A7-EE4BB36B30F4}"
EndProject
Project("{2150E333-8FDC-42A3-9474-1A3956D46DE8}") = "Tools", "Tools", "{37038297-8368-40F2-8E7A-BAD5D1B1753D}"
EndProject
Global
	GlobalSection(SolutionConfigurationPlatforms) = preSolution
		Debug|Any CPU = Debug|Any CPU
		Debug|x64 = Debug|x64
		Debug|x86 = Debug|x86
		Release|Any CPU = Release|Any CPU
		Release|x64 = Release|x64
		Release|x86 = Release|x86
	EndGlobalSection
	GlobalSection(ProjectConfigurationPlatforms) = postSolution
		{38D327C4-0E1C-4C61-99E5-5F97B3767556}.Debug|Any CPU.ActiveCfg = Debug|Any CPU
		{38D327C4-0E1C-4C61-99E5-5F97B3767556}.Debug|Any CPU.Build.0 = Debug|Any CPU
		{38D327C4-0E1C-4C61-99E5-5F97B3767556}.Debug|x64.ActiveCfg = Debug|Any CPU
		{38D327C4-0E1C-4C61-99E5-5F97B3767556}.Debug|x64.Build.0 = Debug|Any CPU
		{38D327C4-0E1C-4C61-99E5-5F97B3767556}.Debug|x86.ActiveCfg = Debug|Any CPU
		{38D327C4-0E1C-4C61-99E5-5F97B3767556}.Debug|x86.Build.0 = Debug|Any CPU
		{38D327C4-0E1C-4C61-99E5-5F97B3767556}.Release|Any CPU.ActiveCfg = Release|Any CPU
		{38D327C4-0E1C-4C61-99E5-5F97B3767556}.Release|Any CPU.Build.0 = Release|Any CPU
		{38D327C4-0E1C-4C61-99E5-5F97B3767556}.Release|x64.ActiveCfg = Release|Any CPU
		{38D327C4-0E1C-4C61-99E5-5F97B3767556}.Release|x64.Build.0 = Release|Any CPU
		{38D327C4-0E1C-4C61-99E5-5F97B3767556}.Release|x86.ActiveCfg = Release|Any CPU
		{38D327C4-0E1C-4C61-99E5-5F97B3767556}.Release|x86.Build.0 = Release|Any CPU
		{B78BB558-69D0-4D28-991A-261903988D1A}.Debug|Any CPU.ActiveCfg = Debug|Any CPU
		{B78BB558-69D0-4D28-991A-261903988D1A}.Debug|Any CPU.Build.0 = Debug|Any CPU
		{B78BB558-69D0-4D28-991A-261903988D1A}.Debug|x64.ActiveCfg = Debug|Any CPU
		{B78BB558-69D0-4D28-991A-261903988D1A}.Debug|x64.Build.0 = Debug|Any CPU
		{B78BB558-69D0-4D28-991A-261903988D1A}.Debug|x86.ActiveCfg = Debug|Any CPU
		{B78BB558-69D0-4D28-991A-261903988D1A}.Debug|x86.Build.0 = Debug|Any CPU
		{B78BB558-69D0-4D28-991A-261903988D1A}.Release|Any CPU.ActiveCfg = Release|Any CPU
		{B78BB558-69D0-4D28-991A-261903988D1A}.Release|Any CPU.Build.0 = Release|Any CPU
		{B78BB558-69D0-4D28-991A-261903988D1A}.Release|x64.ActiveCfg = Release|Any CPU
		{B78BB558-69D0-4D28-991A-261903988D1A}.Release|x64.Build.0 = Release|Any CPU
		{B78BB558-69D0-4D28-991A-261903988D1A}.Release|x86.ActiveCfg = Release|Any CPU
		{B78BB558-69D0-4D28-991A-261903988D1A}.Release|x86.Build.0 = Release|Any CPU
		{7639BD35-29F8-4684-8216-68BED15574A9}.Debug|Any CPU.ActiveCfg = Debug|Any CPU
		{7639BD35-29F8-4684-8216-68BED15574A9}.Debug|Any CPU.Build.0 = Debug|Any CPU
		{7639BD35-29F8-4684-8216-68BED15574A9}.Debug|x64.ActiveCfg = Debug|Any CPU
		{7639BD35-29F8-4684-8216-68BED15574A9}.Debug|x64.Build.0 = Debug|Any CPU
		{7639BD35-29F8-4684-8216-68BED15574A9}.Debug|x86.ActiveCfg = Debug|Any CPU
		{7639BD35-29F8-4684-8216-68BED15574A9}.Debug|x86.Build.0 = Debug|Any CPU
		{7639BD35-29F8-4684-8216-68BED15574A9}.Release|Any CPU.ActiveCfg = Release|Any CPU
		{7639BD35-29F8-4684-8216-68BED15574A9}.Release|Any CPU.Build.0 = Release|Any CPU
		{7639BD35-29F8-4684-8216-68BED15574A9}.Release|x64.ActiveCfg = Release|Any CPU
		{7639BD35-29F8-4684-8216-68BED15574A9}.Release|x64.Build.0 = Release|Any CPU
		{7639BD35-29F8-4684-8216-68BED15574A9}.Release|x86.ActiveCfg = Release|Any CPU
		{7639BD35-29F8-4684-8216-68BED15574A9}.Release|x86.Build.0 = Release|Any CPU
		{852B5E00-2423-4D74-8AFF-B38248BA6B36}.Debug|Any CPU.ActiveCfg = Debug|Any CPU
		{852B5E00-2423-4D74-8AFF-B38248BA6B36}.Debug|Any CPU.Build.0 = Debug|Any CPU
		{852B5E00-2423-4D74-8AFF-B38248BA6B36}.Debug|x64.ActiveCfg = Debug|Any CPU
		{852B5E00-2423-4D74-8AFF-B38248BA6B36}.Debug|x64.Build.0 = Debug|Any CPU
		{852B5E00-2423-4D74-8AFF-B38248BA6B36}.Debug|x86.ActiveCfg = Debug|Any CPU
		{852B5E00-2423-4D74-8AFF-B38248BA6B36}.Debug|x86.Build.0 = Debug|Any CPU
		{852B5E00-2423-4D74-8AFF-B38248BA6B36}.Release|Any CPU.ActiveCfg = Release|Any CPU
		{852B5E00-2423-4D74-8AFF-B38248BA6B36}.Release|Any CPU.Build.0 = Release|Any CPU
		{852B5E00-2423-4D74-8AFF-B38248BA6B36}.Release|x64.ActiveCfg = Release|Any CPU
		{852B5E00-2423-4D74-8AFF-B38248BA6B36}.Release|x64.Build.0 = Release|Any CPU
		{852B5E00-2423-4D74-8AFF-B38248BA6B36}.Release|x86.ActiveCfg = Release|Any CPU
		{852B5E00-2423-4D74-8AFF-B38248BA6B36}.Release|x86.Build.0 = Release|Any CPU
		{1B1CF7C2-DA92-4FFD-BC92-8332947A87BE}.Debug|Any CPU.ActiveCfg = Debug|Win32
		{1B1CF7C2-DA92-4FFD-BC92-8332947A87BE}.Debug|x64.ActiveCfg = Debug|Win32
		{1B1CF7C2-DA92-4FFD-BC92-8332947A87BE}.Debug|x64.Build.0 = Debug|Win32
		{1B1CF7C2-DA92-4FFD-BC92-8332947A87BE}.Debug|x86.ActiveCfg = Debug|Win32
		{1B1CF7C2-DA92-4FFD-BC92-8332947A87BE}.Debug|x86.Build.0 = Debug|Win32
		{1B1CF7C2-DA92-4FFD-BC92-8332947A87BE}.Release|Any CPU.ActiveCfg = Release|Win32
		{1B1CF7C2-DA92-4FFD-BC92-8332947A87BE}.Release|x64.ActiveCfg = Release|Win32
		{1B1CF7C2-DA92-4FFD-BC92-8332947A87BE}.Release|x64.Build.0 = Release|Win32
		{1B1CF7C2-DA92-4FFD-BC92-8332947A87BE}.Release|x86.ActiveCfg = Release|Win32
		{1B1CF7C2-DA92-4FFD-BC92-8332947A87BE}.Release|x86.Build.0 = Release|Win32
		{6E97347C-1698-4AB6-959C-869989BC96A7}.Debug|Any CPU.ActiveCfg = Debug|Any CPU
		{6E97347C-1698-4AB6-959C-869989BC96A7}.Debug|Any CPU.Build.0 = Debug|Any CPU
		{6E97347C-1698-4AB6-959C-869989BC96A7}.Debug|x64.ActiveCfg = Debug|Any CPU
		{6E97347C-1698-4AB6-959C-869989BC96A7}.Debug|x64.Build.0 = Debug|Any CPU
		{6E97347C-1698-4AB6-959C-869989BC96A7}.Debug|x86.ActiveCfg = Debug|Any CPU
		{6E97347C-1698-4AB6-959C-869989BC96A7}.Debug|x86.Build.0 = Debug|Any CPU
		{6E97347C-1698-4AB6-959C-869989BC96A7}.Release|Any CPU.ActiveCfg = Release|Any CPU
		{6E97347C-1698-4AB6-959C-869989BC96A7}.Release|Any CPU.Build.0 = Release|Any CPU
		{6E97347C-1698-4AB6-959C-869989BC96A7}.Release|x64.ActiveCfg = Release|Any CPU
		{6E97347C-1698-4AB6-959C-869989BC96A7}.Release|x64.Build.0 = Release|Any CPU
		{6E97347C-1698-4AB6-959C-869989BC96A7}.Release|x86.ActiveCfg = Release|Any CPU
		{6E97347C-1698-4AB6-959C-869989BC96A7}.Release|x86.Build.0 = Release|Any CPU
		{F1096E3A-C50A-43A3-9A46-6112D4BBAE38}.Debug|Any CPU.ActiveCfg = Debug|Any CPU
		{F1096E3A-C50A-43A3-9A46-6112D4BBAE38}.Debug|Any CPU.Build.0 = Debug|Any CPU
		{F1096E3A-C50A-43A3-9A46-6112D4BBAE38}.Debug|x64.ActiveCfg = Debug|Any CPU
		{F1096E3A-C50A-43A3-9A46-6112D4BBAE38}.Debug|x64.Build.0 = Debug|Any CPU
		{F1096E3A-C50A-43A3-9A46-6112D4BBAE38}.Debug|x86.ActiveCfg = Debug|Any CPU
		{F1096E3A-C50A-43A3-9A46-6112D4BBAE38}.Debug|x86.Build.0 = Debug|Any CPU
		{F1096E3A-C50A-43A3-9A46-6112D4BBAE38}.Release|Any CPU.ActiveCfg = Release|Any CPU
		{F1096E3A-C50A-43A3-9A46-6112D4BBAE38}.Release|Any CPU.Build.0 = Release|Any CPU
		{F1096E3A-C50A-43A3-9A46-6112D4BBAE38}.Release|x64.ActiveCfg = Release|Any CPU
		{F1096E3A-C50A-43A3-9A46-6112D4BBAE38}.Release|x64.Build.0 = Release|Any CPU
		{F1096E3A-C50A-43A3-9A46-6112D4BBAE38}.Release|x86.ActiveCfg = Release|Any CPU
		{F1096E3A-C50A-43A3-9A46-6112D4BBAE38}.Release|x86.Build.0 = Release|Any CPU
		{3EF8CD67-7931-4A0B-BA95-C1717982A7C9}.Debug|Any CPU.ActiveCfg = Debug|Any CPU
		{3EF8CD67-7931-4A0B-BA95-C1717982A7C9}.Debug|Any CPU.Build.0 = Debug|Any CPU
		{3EF8CD67-7931-4A0B-BA95-C1717982A7C9}.Debug|x64.ActiveCfg = Debug|Any CPU
		{3EF8CD67-7931-4A0B-BA95-C1717982A7C9}.Debug|x64.Build.0 = Debug|Any CPU
		{3EF8CD67-7931-4A0B-BA95-C1717982A7C9}.Debug|x86.ActiveCfg = Debug|Any CPU
		{3EF8CD67-7931-4A0B-BA95-C1717982A7C9}.Debug|x86.Build.0 = Debug|Any CPU
		{3EF8CD67-7931-4A0B-BA95-C1717982A7C9}.Release|Any CPU.ActiveCfg = Release|Any CPU
		{3EF8CD67-7931-4A0B-BA95-C1717982A7C9}.Release|Any CPU.Build.0 = Release|Any CPU
		{3EF8CD67-7931-4A0B-BA95-C1717982A7C9}.Release|x64.ActiveCfg = Release|Any CPU
		{3EF8CD67-7931-4A0B-BA95-C1717982A7C9}.Release|x64.Build.0 = Release|Any CPU
		{3EF8CD67-7931-4A0B-BA95-C1717982A7C9}.Release|x86.ActiveCfg = Release|Any CPU
		{3EF8CD67-7931-4A0B-BA95-C1717982A7C9}.Release|x86.Build.0 = Release|Any CPU
		{58B7F843-3349-428D-B9A7-EE4BB36B30F4}.Debug|Any CPU.ActiveCfg = Debug|Win32
		{58B7F843-3349-428D-B9A7-EE4BB36B30F4}.Debug|x64.ActiveCfg = Debug|Win32
		{58B7F843-3349-428D-B9A7-EE4BB36B30F4}.Debug|x64.Build.0 = Debug|Win32
		{58B7F843-3349-428D-B9A7-EE4BB36B30F4}.Debug|x86.ActiveCfg = Debug|Win32
		{58B7F843-3349-428D-B9A7-EE4BB36B30F4}.Debug|x86.Build.0 = Debug|Win32
		{58B7F843-3349-428D-B9A7-EE4BB36B30F4}.Release|Any CPU.ActiveCfg = Release|Win32
		{58B7F843-3349-428D-B9A7-EE4BB36B30F4}.Release|x64.ActiveCfg = Release|Win32
		{58B7F843-3349-428D-B9A7-EE4BB36B30F4}.Release|x64.Build.0 = Release|Win32
		{58B7F843-3349-428D-B9A7-EE4BB36B30F4}.Release|x86.ActiveCfg = Release|Win32
		{58B7F843-3349-428D-B9A7-EE4BB36B30F4}.Release|x86.Build.0 = Release|Win32
	EndGlobalSection
	GlobalSection(SolutionProperties) = preSolution
		HideSolutionNode = FALSE
	EndGlobalSection
	GlobalSection(NestedProjects) = preSolution
		{7639BD35-29F8-4684-8216-68BED15574A9} = {EF9F2A30-3CD6-42DF-9C86-6A1D1C463791}
		{1B1CF7C2-DA92-4FFD-BC92-8332947A87BE} = {37038297-8368-40F2-8E7A-BAD5D1B1753D}
		{6E97347C-1698-4AB6-959C-869989BC96A7} = {EF9F2A30-3CD6-42DF-9C86-6A1D1C463791}
		{3EF8CD67-7931-4A0B-BA95-C1717982A7C9} = {BE01A886-8383-4B3F-9E69-814FBB8CABC0}
		{58B7F843-3349-428D-B9A7-EE4BB36B30F4} = {37038297-8368-40F2-8E7A-BAD5D1B1753D}
	EndGlobalSection
	GlobalSection(ExtensibilityGlobals) = postSolution
		SolutionGuid = {DC6AC51C-A546-4AAF-9F40-720BC05CD911}
	EndGlobalSection
EndGlobal
